// !$*UTF8*$!
{
	archiveVersion = 1;
	classes = {
	};
	objectVersion = 56;
	objects = {

/* Begin PBXBuildFile section */
		F84FE6252B8DA86900367450 /* AppDelegate.swift in Sources */ = {isa = PBXBuildFile; fileRef = F84FE6242B8DA86900367450 /* AppDelegate.swift */; };
		F84FE6272B8DA86900367450 /* SceneDelegate.swift in Sources */ = {isa = PBXBuildFile; fileRef = F84FE6262B8DA86900367450 /* SceneDelegate.swift */; };
		F84FE6292B8DA86900367450 /* ViewController.swift in Sources */ = {isa = PBXBuildFile; fileRef = F84FE6282B8DA86900367450 /* ViewController.swift */; };
		F84FE62C2B8DA86900367450 /* Main.storyboard in Resources */ = {isa = PBXBuildFile; fileRef = F84FE62A2B8DA86900367450 /* Main.storyboard */; };
		F84FE62E2B8DA86A00367450 /* Assets.xcassets in Resources */ = {isa = PBXBuildFile; fileRef = F84FE62D2B8DA86A00367450 /* Assets.xcassets */; };
		F84FE6312B8DA86A00367450 /* LaunchScreen.storyboard in Resources */ = {isa = PBXBuildFile; fileRef = F84FE62F2B8DA86A00367450 /* LaunchScreen.storyboard */; };
		F84FE63C2B8DA86A00367450 /* GitAdaptionTests.swift in Sources */ = {isa = PBXBuildFile; fileRef = F84FE63B2B8DA86A00367450 /* GitAdaptionTests.swift */; };
		F84FE6462B8DA86A00367450 /* GitAdaptionUITests.swift in Sources */ = {isa = PBXBuildFile; fileRef = F84FE6452B8DA86A00367450 /* GitAdaptionUITests.swift */; };
		F84FE6482B8DA86A00367450 /* GitAdaptionUITestsLaunchTests.swift in Sources */ = {isa = PBXBuildFile; fileRef = F84FE6472B8DA86A00367450 /* GitAdaptionUITestsLaunchTests.swift */; };
/* End PBXBuildFile section */

/* Begin PBXContainerItemProxy section */
		F84FE6382B8DA86A00367450 /* PBXContainerItemProxy */ = {
			isa = PBXContainerItemProxy;
			containerPortal = F84FE6192B8DA86900367450 /* Project object */;
			proxyType = 1;
			remoteGlobalIDString = F84FE6202B8DA86900367450;
			remoteInfo = GitAdaption;
		};
		F84FE6422B8DA86A00367450 /* PBXContainerItemProxy */ = {
			isa = PBXContainerItemProxy;
			containerPortal = F84FE6192B8DA86900367450 /* Project object */;
			proxyType = 1;
			remoteGlobalIDString = F84FE6202B8DA86900367450;
			remoteInfo = GitAdaption;
		};
/* End PBXContainerItemProxy section */

/* Begin PBXFileReference section */
		F84FE6212B8DA86900367450 /* GitAdaption.app */ = {isa = PBXFileReference; explicitFileType = wrapper.application; includeInIndex = 0; path = GitAdaption.app; sourceTree = BUILT_PRODUCTS_DIR; };
		F84FE6242B8DA86900367450 /* AppDelegate.swift */ = {isa = PBXFileReference; lastKnownFileType = sourcecode.swift; path = AppDelegate.swift; sourceTree = "<group>"; };
		F84FE6262B8DA86900367450 /* SceneDelegate.swift */ = {isa = PBXFileReference; lastKnownFileType = sourcecode.swift; path = SceneDelegate.swift; sourceTree = "<group>"; };
		F84FE6282B8DA86900367450 /* ViewController.swift */ = {isa = PBXFileReference; lastKnownFileType = sourcecode.swift; path = ViewController.swift; sourceTree = "<group>"; };
		F84FE62B2B8DA86900367450 /* Base */ = {isa = PBXFileReference; lastKnownFileType = file.storyboard; name = Base; path = Base.lproj/Main.storyboard; sourceTree = "<group>"; };
		F84FE62D2B8DA86A00367450 /* Assets.xcassets */ = {isa = PBXFileReference; lastKnownFileType = folder.assetcatalog; path = Assets.xcassets; sourceTree = "<group>"; };
		F84FE6302B8DA86A00367450 /* Base */ = {isa = PBXFileReference; lastKnownFileType = file.storyboard; name = Base; path = Base.lproj/LaunchScreen.storyboard; sourceTree = "<group>"; };
		F84FE6322B8DA86A00367450 /* Info.plist */ = {isa = PBXFileReference; lastKnownFileType = text.plist.xml; path = Info.plist; sourceTree = "<group>"; };
		F84FE6372B8DA86A00367450 /* GitAdaptionTests.xctest */ = {isa = PBXFileReference; explicitFileType = wrapper.cfbundle; includeInIndex = 0; path = GitAdaptionTests.xctest; sourceTree = BUILT_PRODUCTS_DIR; };
		F84FE63B2B8DA86A00367450 /* GitAdaptionTests.swift */ = {isa = PBXFileReference; lastKnownFileType = sourcecode.swift; path = GitAdaptionTests.swift; sourceTree = "<group>"; };
		F84FE6412B8DA86A00367450 /* GitAdaptionUITests.xctest */ = {isa = PBXFileReference; explicitFileType = wrapper.cfbundle; includeInIndex = 0; path = GitAdaptionUITests.xctest; sourceTree = BUILT_PRODUCTS_DIR; };
		F84FE6452B8DA86A00367450 /* GitAdaptionUITests.swift */ = {isa = PBXFileReference; lastKnownFileType = sourcecode.swift; path = GitAdaptionUITests.swift; sourceTree = "<group>"; };
		F84FE6472B8DA86A00367450 /* GitAdaptionUITestsLaunchTests.swift */ = {isa = PBXFileReference; lastKnownFileType = sourcecode.swift; path = GitAdaptionUITestsLaunchTests.swift; sourceTree = "<group>"; };
/* End PBXFileReference section */

/* Begin PBXFrameworksBuildPhase section */
		F84FE61E2B8DA86900367450 /* Frameworks */ = {
			isa = PBXFrameworksBuildPhase;
			buildActionMask = 2147483647;
			files = (
			);
			runOnlyForDeploymentPostprocessing = 0;
		};
		F84FE6342B8DA86A00367450 /* Frameworks */ = {
			isa = PBXFrameworksBuildPhase;
			buildActionMask = 2147483647;
			files = (
			);
			runOnlyForDeploymentPostprocessing = 0;
		};
		F84FE63E2B8DA86A00367450 /* Frameworks */ = {
			isa = PBXFrameworksBuildPhase;
			buildActionMask = 2147483647;
			files = (
			);
			runOnlyForDeploymentPostprocessing = 0;
		};
/* End PBXFrameworksBuildPhase section */

/* Begin PBXGroup section */
		F84FE6182B8DA86900367450 = {
			isa = PBXGroup;
			children = (
				F84FE6232B8DA86900367450 /* GitAdaption */,
				F84FE63A2B8DA86A00367450 /* GitAdaptionTests */,
				F84FE6442B8DA86A00367450 /* GitAdaptionUITests */,
				F84FE6222B8DA86900367450 /* Products */,
			);
			sourceTree = "<group>";
		};
		F84FE6222B8DA86900367450 /* Products */ = {
			isa = PBXGroup;
			children = (
				F84FE6212B8DA86900367450 /* GitAdaption.app */,
				F84FE6372B8DA86A00367450 /* GitAdaptionTests.xctest */,
				F84FE6412B8DA86A00367450 /* GitAdaptionUITests.xctest */,
			);
			name = Products;
			sourceTree = "<group>";
		};
		F84FE6232B8DA86900367450 /* GitAdaption */ = {
			isa = PBXGroup;
			children = (
				F84FE6242B8DA86900367450 /* AppDelegate.swift */,
				F84FE6262B8DA86900367450 /* SceneDelegate.swift */,
				F84FE6282B8DA86900367450 /* ViewController.swift */,
				F84FE62A2B8DA86900367450 /* Main.storyboard */,
				F84FE62D2B8DA86A00367450 /* Assets.xcassets */,
				F84FE62F2B8DA86A00367450 /* LaunchScreen.storyboard */,
				F84FE6322B8DA86A00367450 /* Info.plist */,
			);
			path = GitAdaption;
			sourceTree = "<group>";
		};
		F84FE63A2B8DA86A00367450 /* GitAdaptionTests */ = {
			isa = PBXGroup;
			children = (
				F84FE63B2B8DA86A00367450 /* GitAdaptionTests.swift */,
			);
			path = GitAdaptionTests;
			sourceTree = "<group>";
		};
		F84FE6442B8DA86A00367450 /* GitAdaptionUITests */ = {
			isa = PBXGroup;
			children = (
				F84FE6452B8DA86A00367450 /* GitAdaptionUITests.swift */,
				F84FE6472B8DA86A00367450 /* GitAdaptionUITestsLaunchTests.swift */,
			);
			path = GitAdaptionUITests;
			sourceTree = "<group>";
		};
/* End PBXGroup section */

/* Begin PBXNativeTarget section */
		F84FE6202B8DA86900367450 /* GitAdaption */ = {
			isa = PBXNativeTarget;
			buildConfigurationList = F84FE64B2B8DA86A00367450 /* Build configuration list for PBXNativeTarget "GitAdaption" */;
			buildPhases = (
				F84FE61D2B8DA86900367450 /* Sources */,
				F84FE61E2B8DA86900367450 /* Frameworks */,
				F84FE61F2B8DA86900367450 /* Resources */,
			);
			buildRules = (
			);
			dependencies = (
			);
			name = GitAdaption;
			productName = GitAdaption;
			productReference = F84FE6212B8DA86900367450 /* GitAdaption.app */;
			productType = "com.apple.product-type.application";
		};
		F84FE6362B8DA86A00367450 /* GitAdaptionTests */ = {
			isa = PBXNativeTarget;
			buildConfigurationList = F84FE64E2B8DA86A00367450 /* Build configuration list for PBXNativeTarget "GitAdaptionTests" */;
			buildPhases = (
				F84FE6332B8DA86A00367450 /* Sources */,
				F84FE6342B8DA86A00367450 /* Frameworks */,
				F84FE6352B8DA86A00367450 /* Resources */,
			);
			buildRules = (
			);
			dependencies = (
				F84FE6392B8DA86A00367450 /* PBXTargetDependency */,
			);
			name = GitAdaptionTests;
			productName = GitAdaptionTests;
			productReference = F84FE6372B8DA86A00367450 /* GitAdaptionTests.xctest */;
			productType = "com.apple.product-type.bundle.unit-test";
		};
		F84FE6402B8DA86A00367450 /* GitAdaptionUITests */ = {
			isa = PBXNativeTarget;
			buildConfigurationList = F84FE6512B8DA86A00367450 /* Build configuration list for PBXNativeTarget "GitAdaptionUITests" */;
			buildPhases = (
				F84FE63D2B8DA86A00367450 /* Sources */,
				F84FE63E2B8DA86A00367450 /* Frameworks */,
				F84FE63F2B8DA86A00367450 /* Resources */,
			);
			buildRules = (
			);
			dependencies = (
				F84FE6432B8DA86A00367450 /* PBXTargetDependency */,
			);
			name = GitAdaptionUITests;
			productName = GitAdaptionUITests;
			productReference = F84FE6412B8DA86A00367450 /* GitAdaptionUITests.xctest */;
			productType = "com.apple.product-type.bundle.ui-testing";
		};
/* End PBXNativeTarget section */

/* Begin PBXProject section */
		F84FE6192B8DA86900367450 /* Project object */ = {
			isa = PBXProject;
			attributes = {
				BuildIndependentTargetsInParallel = 1;
				LastSwiftUpdateCheck = 1510;
				LastUpgradeCheck = 1510;
				TargetAttributes = {
					F84FE6202B8DA86900367450 = {
						CreatedOnToolsVersion = 15.1;
					};
					F84FE6362B8DA86A00367450 = {
						CreatedOnToolsVersion = 15.1;
						TestTargetID = F84FE6202B8DA86900367450;
					};
					F84FE6402B8DA86A00367450 = {
						CreatedOnToolsVersion = 15.1;
						TestTargetID = F84FE6202B8DA86900367450;
					};
				};
			};
			buildConfigurationList = F84FE61C2B8DA86900367450 /* Build configuration list for PBXProject "GitAdaption" */;
			compatibilityVersion = "Xcode 14.0";
			developmentRegion = en;
			hasScannedForEncodings = 0;
			knownRegions = (
				en,
				Base,
			);
			mainGroup = F84FE6182B8DA86900367450;
			productRefGroup = F84FE6222B8DA86900367450 /* Products */;
			projectDirPath = "";
			projectRoot = "";
			targets = (
				F84FE6202B8DA86900367450 /* GitAdaption */,
				F84FE6362B8DA86A00367450 /* GitAdaptionTests */,
				F84FE6402B8DA86A00367450 /* GitAdaptionUITests */,
			);
		};
/* End PBXProject section */

/* Begin PBXResourcesBuildPhase section */
		F84FE61F2B8DA86900367450 /* Resources */ = {
			isa = PBXResourcesBuildPhase;
			buildActionMask = 2147483647;
			files = (
				F84FE6312B8DA86A00367450 /* LaunchScreen.storyboard in Resources */,
				F84FE62E2B8DA86A00367450 /* Assets.xcassets in Resources */,
				F84FE62C2B8DA86900367450 /* Main.storyboard in Resources */,
			);
			runOnlyForDeploymentPostprocessing = 0;
		};
		F84FE6352B8DA86A00367450 /* Resources */ = {
			isa = PBXResourcesBuildPhase;
			buildActionMask = 2147483647;
			files = (
			);
			runOnlyForDeploymentPostprocessing = 0;
		};
		F84FE63F2B8DA86A00367450 /* Resources */ = {
			isa = PBXResourcesBuildPhase;
			buildActionMask = 2147483647;
			files = (
			);
			runOnlyForDeploymentPostprocessing = 0;
		};
/* End PBXResourcesBuildPhase section */

/* Begin PBXSourcesBuildPhase section */
		F84FE61D2B8DA86900367450 /* Sources */ = {
			isa = PBXSourcesBuildPhase;
			buildActionMask = 2147483647;
			files = (
				F84FE6292B8DA86900367450 /* ViewController.swift in Sources */,
				F84FE6252B8DA86900367450 /* AppDelegate.swift in Sources */,
				F84FE6272B8DA86900367450 /* SceneDelegate.swift in Sources */,
			);
			runOnlyForDeploymentPostprocessing = 0;
		};
		F84FE6332B8DA86A00367450 /* Sources */ = {
			isa = PBXSourcesBuildPhase;
			buildActionMask = 2147483647;
			files = (
				F84FE63C2B8DA86A00367450 /* GitAdaptionTests.swift in Sources */,
			);
			runOnlyForDeploymentPostprocessing = 0;
		};
		F84FE63D2B8DA86A00367450 /* Sources */ = {
			isa = PBXSourcesBuildPhase;
			buildActionMask = 2147483647;
			files = (
				F84FE6462B8DA86A00367450 /* GitAdaptionUITests.swift in Sources */,
				F84FE6482B8DA86A00367450 /* GitAdaptionUITestsLaunchTests.swift in Sources */,
			);
			runOnlyForDeploymentPostprocessing = 0;
		};
/* End PBXSourcesBuildPhase section */

/* Begin PBXTargetDependency section */
		F84FE6392B8DA86A00367450 /* PBXTargetDependency */ = {
			isa = PBXTargetDependency;
			target = F84FE6202B8DA86900367450 /* GitAdaption */;
			targetProxy = F84FE6382B8DA86A00367450 /* PBXContainerItemProxy */;
		};
		F84FE6432B8DA86A00367450 /* PBXTargetDependency */ = {
			isa = PBXTargetDependency;
			target = F84FE6202B8DA86900367450 /* GitAdaption */;
			targetProxy = F84FE6422B8DA86A00367450 /* PBXContainerItemProxy */;
		};
/* End PBXTargetDependency section */

/* Begin PBXVariantGroup section */
		F84FE62A2B8DA86900367450 /* Main.storyboard */ = {
			isa = PBXVariantGroup;
			children = (
				F84FE62B2B8DA86900367450 /* Base */,
			);
			name = Main.storyboard;
			sourceTree = "<group>";
		};
		F84FE62F2B8DA86A00367450 /* LaunchScreen.storyboard */ = {
			isa = PBXVariantGroup;
			children = (
				F84FE6302B8DA86A00367450 /* Base */,
			);
			name = LaunchScreen.storyboard;
			sourceTree = "<group>";
		};
/* End PBXVariantGroup section */

/* Begin XCBuildConfiguration section */
		F84FE6492B8DA86A00367450 /* Debug */ = {
			isa = XCBuildConfiguration;
			buildSettings = {
				ALWAYS_SEARCH_USER_PATHS = NO;
				ASSETCATALOG_COMPILER_GENERATE_SWIFT_ASSET_SYMBOL_EXTENSIONS = YES;
				CLANG_ANALYZER_NONNULL = YES;
				CLANG_ANALYZER_NUMBER_OBJECT_CONVERSION = YES_AGGRESSIVE;
				CLANG_CXX_LANGUAGE_STANDARD = "gnu++20";
				CLANG_ENABLE_MODULES = YES;
				CLANG_ENABLE_OBJC_ARC = YES;
				CLANG_ENABLE_OBJC_WEAK = YES;
				CLANG_WARN_BLOCK_CAPTURE_AUTORELEASING = YES;
				CLANG_WARN_BOOL_CONVERSION = YES;
				CLANG_WARN_COMMA = YES;
				CLANG_WARN_CONSTANT_CONVERSION = YES;
				CLANG_WARN_DEPRECATED_OBJC_IMPLEMENTATIONS = YES;
				CLANG_WARN_DIRECT_OBJC_ISA_USAGE = YES_ERROR;
				CLANG_WARN_DOCUMENTATION_COMMENTS = YES;
				CLANG_WARN_EMPTY_BODY = YES;
				CLANG_WARN_ENUM_CONVERSION = YES;
				CLANG_WARN_INFINITE_RECURSION = YES;
				CLANG_WARN_INT_CONVERSION = YES;
				CLANG_WARN_NON_LITERAL_NULL_CONVERSION = YES;
				CLANG_WARN_OBJC_IMPLICIT_RETAIN_SELF = YES;
				CLANG_WARN_OBJC_LITERAL_CONVERSION = YES;
				CLANG_WARN_OBJC_ROOT_CLASS = YES_ERROR;
				CLANG_WARN_QUOTED_INCLUDE_IN_FRAMEWORK_HEADER = YES;
				CLANG_WARN_RANGE_LOOP_ANALYSIS = YES;
				CLANG_WARN_STRICT_PROTOTYPES = YES;
				CLANG_WARN_SUSPICIOUS_MOVE = YES;
				CLANG_WARN_UNGUARDED_AVAILABILITY = YES_AGGRESSIVE;
				CLANG_WARN_UNREACHABLE_CODE = YES;
				CLANG_WARN__DUPLICATE_METHOD_MATCH = YES;
				COPY_PHASE_STRIP = NO;
				DEBUG_INFORMATION_FORMAT = dwarf;
				ENABLE_STRICT_OBJC_MSGSEND = YES;
				ENABLE_TESTABILITY = YES;
				ENABLE_USER_SCRIPT_SANDBOXING = YES;
				GCC_C_LANGUAGE_STANDARD = gnu17;
				GCC_DYNAMIC_NO_PIC = NO;
				GCC_NO_COMMON_BLOCKS = YES;
				GCC_OPTIMIZATION_LEVEL = 0;
				GCC_PREPROCESSOR_DEFINITIONS = (
					"DEBUG=1",
					"$(inherited)",
				);
				GCC_WARN_64_TO_32_BIT_CONVERSION = YES;
				GCC_WARN_ABOUT_RETURN_TYPE = YES_ERROR;
				GCC_WARN_UNDECLARED_SELECTOR = YES;
				GCC_WARN_UNINITIALIZED_AUTOS = YES_AGGRESSIVE;
				GCC_WARN_UNUSED_FUNCTION = YES;
				GCC_WARN_UNUSED_VARIABLE = YES;
				IPHONEOS_DEPLOYMENT_TARGET = 17.2;
				LOCALIZATION_PREFERS_STRING_CATALOGS = YES;
				MTL_ENABLE_DEBUG_INFO = INCLUDE_SOURCE;
				MTL_FAST_MATH = YES;
				ONLY_ACTIVE_ARCH = YES;
				SDKROOT = iphoneos;
				SWIFT_ACTIVE_COMPILATION_CONDITIONS = "DEBUG $(inherited)";
				SWIFT_OPTIMIZATION_LEVEL = "-Onone";
			};
			name = Debug;
		};
		F84FE64A2B8DA86A00367450 /* Release */ = {
			isa = XCBuildConfiguration;
			buildSettings = {
				ALWAYS_SEARCH_USER_PATHS = NO;
				ASSETCATALOG_COMPILER_GENERATE_SWIFT_ASSET_SYMBOL_EXTENSIONS = YES;
				CLANG_ANALYZER_NONNULL = YES;
				CLANG_ANALYZER_NUMBER_OBJECT_CONVERSION = YES_AGGRESSIVE;
				CLANG_CXX_LANGUAGE_STANDARD = "gnu++20";
				CLANG_ENABLE_MODULES = YES;
				CLANG_ENABLE_OBJC_ARC = YES;
				CLANG_ENABLE_OBJC_WEAK = YES;
				CLANG_WARN_BLOCK_CAPTURE_AUTORELEASING = YES;
				CLANG_WARN_BOOL_CONVERSION = YES;
				CLANG_WARN_COMMA = YES;
				CLANG_WARN_CONSTANT_CONVERSION = YES;
				CLANG_WARN_DEPRECATED_OBJC_IMPLEMENTATIONS = YES;
				CLANG_WARN_DIRECT_OBJC_ISA_USAGE = YES_ERROR;
				CLANG_WARN_DOCUMENTATION_COMMENTS = YES;
				CLANG_WARN_EMPTY_BODY = YES;
				CLANG_WARN_ENUM_CONVERSION = YES;
				CLANG_WARN_INFINITE_RECURSION = YES;
				CLANG_WARN_INT_CONVERSION = YES;
				CLANG_WARN_NON_LITERAL_NULL_CONVERSION = YES;
				CLANG_WARN_OBJC_IMPLICIT_RETAIN_SELF = YES;
				CLANG_WARN_OBJC_LITERAL_CONVERSION = YES;
				CLANG_WARN_OBJC_ROOT_CLASS = YES_ERROR;
				CLANG_WARN_QUOTED_INCLUDE_IN_FRAMEWORK_HEADER = YES;
				CLANG_WARN_RANGE_LOOP_ANALYSIS = YES;
				CLANG_WARN_STRICT_PROTOTYPES = YES;
				CLANG_WARN_SUSPICIOUS_MOVE = YES;
				CLANG_WARN_UNGUARDED_AVAILABILITY = YES_AGGRESSIVE;
				CLANG_WARN_UNREACHABLE_CODE = YES;
				CLANG_WARN__DUPLICATE_METHOD_MATCH = YES;
				COPY_PHASE_STRIP = NO;
				DEBUG_INFORMATION_FORMAT = "dwarf-with-dsym";
				ENABLE_NS_ASSERTIONS = NO;
				ENABLE_STRICT_OBJC_MSGSEND = YES;
				ENABLE_USER_SCRIPT_SANDBOXING = YES;
				GCC_C_LANGUAGE_STANDARD = gnu17;
				GCC_NO_COMMON_BLOCKS = YES;
				GCC_WARN_64_TO_32_BIT_CONVERSION = YES;
				GCC_WARN_ABOUT_RETURN_TYPE = YES_ERROR;
				GCC_WARN_UNDECLARED_SELECTOR = YES;
				GCC_WARN_UNINITIALIZED_AUTOS = YES_AGGRESSIVE;
				GCC_WARN_UNUSED_FUNCTION = YES;
				GCC_WARN_UNUSED_VARIABLE = YES;
				IPHONEOS_DEPLOYMENT_TARGET = 17.2;
				LOCALIZATION_PREFERS_STRING_CATALOGS = YES;
				MTL_ENABLE_DEBUG_INFO = NO;
				MTL_FAST_MATH = YES;
				SDKROOT = iphoneos;
				SWIFT_COMPILATION_MODE = wholemodule;
				VALIDATE_PRODUCT = YES;
			};
			name = Release;
		};
		F84FE64C2B8DA86A00367450 /* Debug */ = {
			isa = XCBuildConfiguration;
			buildSettings = {
				ASSETCATALOG_COMPILER_APPICON_NAME = AppIcon;
				ASSETCATALOG_COMPILER_GLOBAL_ACCENT_COLOR_NAME = AccentColor;
				CODE_SIGN_STYLE = Automatic;
				CURRENT_PROJECT_VERSION = 1;
				DEVELOPMENT_TEAM = MVER8CVGU3;
				GENERATE_INFOPLIST_FILE = YES;
				INFOPLIST_FILE = GitAdaption/Info.plist;
				INFOPLIST_KEY_UIApplicationSupportsIndirectInputEvents = YES;
				INFOPLIST_KEY_UILaunchStoryboardName = LaunchScreen;
				INFOPLIST_KEY_UIMainStoryboardFile = Main;
				INFOPLIST_KEY_UISupportedInterfaceOrientations_iPad = "UIInterfaceOrientationPortrait UIInterfaceOrientationPortraitUpsideDown UIInterfaceOrientationLandscapeLeft UIInterfaceOrientationLandscapeRight";
				INFOPLIST_KEY_UISupportedInterfaceOrientations_iPhone = "UIInterfaceOrientationPortrait UIInterfaceOrientationLandscapeLeft UIInterfaceOrientationLandscapeRight";
				LD_RUNPATH_SEARCH_PATHS = (
					"$(inherited)",
					"@executable_path/Frameworks",
				);
				MARKETING_VERSION = 1.0;
				PRODUCT_BUNDLE_IDENTIFIER = com.montbalncchings.GitAdaption;
				PRODUCT_NAME = "$(TARGET_NAME)";
				SWIFT_EMIT_LOC_STRINGS = YES;
				SWIFT_VERSION = 5.0;
				TARGETED_DEVICE_FAMILY = "1,2";
			};
			name = Debug;
		};
		F84FE64D2B8DA86A00367450 /* Release */ = {
			isa = XCBuildConfiguration;
			buildSettings = {
				ASSETCATALOG_COMPILER_APPICON_NAME = AppIcon;
				ASSETCATALOG_COMPILER_GLOBAL_ACCENT_COLOR_NAME = AccentColor;
				CODE_SIGN_STYLE = Automatic;
				CURRENT_PROJECT_VERSION = 1;
				DEVELOPMENT_TEAM = MVER8CVGU3;
				GENERATE_INFOPLIST_FILE = YES;
				INFOPLIST_FILE = GitAdaption/Info.plist;
				INFOPLIST_KEY_UIApplicationSupportsIndirectInputEvents = YES;
				INFOPLIST_KEY_UILaunchStoryboardName = LaunchScreen;
				INFOPLIST_KEY_UIMainStoryboardFile = Main;
				INFOPLIST_KEY_UISupportedInterfaceOrientations_iPad = "UIInterfaceOrientationPortrait UIInterfaceOrientationPortraitUpsideDown UIInterfaceOrientationLandscapeLeft UIInterfaceOrientationLandscapeRight";
				INFOPLIST_KEY_UISupportedInterfaceOrientations_iPhone = "UIInterfaceOrientationPortrait UIInterfaceOrientationLandscapeLeft UIInterfaceOrientationLandscapeRight";
				LD_RUNPATH_SEARCH_PATHS = (
					"$(inherited)",
					"@executable_path/Frameworks",
				);
				MARKETING_VERSION = 1.0;
				PRODUCT_BUNDLE_IDENTIFIER = com.montbalncchings.GitAdaption;
				PRODUCT_NAME = "$(TARGET_NAME)";
				SWIFT_EMIT_LOC_STRINGS = YES;
				SWIFT_VERSION = 5.0;
				TARGETED_DEVICE_FAMILY = "1,2";
			};
			name = Release;
		};
		F84FE64F2B8DA86A00367450 /* Debug */ = {
			isa = XCBuildConfiguration;
			buildSettings = {
				ALWAYS_EMBED_SWIFT_STANDARD_LIBRARIES = YES;
				BUNDLE_LOADER = "$(TEST_HOST)";
				CODE_SIGN_STYLE = Automatic;
				CURRENT_PROJECT_VERSION = 1;
				DEVELOPMENT_TEAM = MVER8CVGU3;
				GENERATE_INFOPLIST_FILE = YES;
				IPHONEOS_DEPLOYMENT_TARGET = 17.2;
				MARKETING_VERSION = 1.0;
				PRODUCT_BUNDLE_IDENTIFIER = com.montbalncchings.GitAdaptionTests;
				PRODUCT_NAME = "$(TARGET_NAME)";
				SWIFT_EMIT_LOC_STRINGS = NO;
				SWIFT_VERSION = 5.0;
				TARGETED_DEVICE_FAMILY = "1,2";
				TEST_HOST = "$(BUILT_PRODUCTS_DIR)/GitAdaption.app/$(BUNDLE_EXECUTABLE_FOLDER_PATH)/GitAdaption";
			};
			name = Debug;
		};
		F84FE6502B8DA86A00367450 /* Release */ = {
			isa = XCBuildConfiguration;
			buildSettings = {
				ALWAYS_EMBED_SWIFT_STANDARD_LIBRARIES = YES;
				BUNDLE_LOADER = "$(TEST_HOST)";
				CODE_SIGN_STYLE = Automatic;
				CURRENT_PROJECT_VERSION = 1;
				DEVELOPMENT_TEAM = MVER8CVGU3;
				GENERATE_INFOPLIST_FILE = YES;
				IPHONEOS_DEPLOYMENT_TARGET = 17.2;
				MARKETING_VERSION = 1.0;
				PRODUCT_BUNDLE_IDENTIFIER = com.montbalncchings.GitAdaptionTests;
				PRODUCT_NAME = "$(TARGET_NAME)";
				SWIFT_EMIT_LOC_STRINGS = NO;
				SWIFT_VERSION = 5.0;
				TARGETED_DEVICE_FAMILY = "1,2";
				TEST_HOST = "$(BUILT_PRODUCTS_DIR)/GitAdaption.app/$(BUNDLE_EXECUTABLE_FOLDER_PATH)/GitAdaption";
			};
			name = Release;
		};
		F84FE6522B8DA86A00367450 /* Debug */ = {
			isa = XCBuildConfiguration;
			buildSettings = {
				ALWAYS_EMBED_SWIFT_STANDARD_LIBRARIES = YES;
				CODE_SIGN_STYLE = Automatic;
				CURRENT_PROJECT_VERSION = 1;
				DEVELOPMENT_TEAM = MVER8CVGU3;
				GENERATE_INFOPLIST_FILE = YES;
				MARKETING_VERSION = 1.0;
				PRODUCT_BUNDLE_IDENTIFIER = com.montbalncchings.GitAdaptionUITests;
				PRODUCT_NAME = "$(TARGET_NAME)";
				SWIFT_EMIT_LOC_STRINGS = NO;
				SWIFT_VERSION = 5.0;
				TARGETED_DEVICE_FAMILY = "1,2";
				TEST_TARGET_NAME = GitAdaption;
			};
			name = Debug;
		};
		F84FE6532B8DA86A00367450 /* Release */ = {
			isa = XCBuildConfiguration;
			buildSettings = {
				ALWAYS_EMBED_SWIFT_STANDARD_LIBRARIES = YES;
				CODE_SIGN_STYLE = Automatic;
				CURRENT_PROJECT_VERSION = 1;
				DEVELOPMENT_TEAM = MVER8CVGU3;
				GENERATE_INFOPLIST_FILE = YES;
				MARKETING_VERSION = 1.0;
				PRODUCT_BUNDLE_IDENTIFIER = com.montbalncchings.GitAdaptionUITests;
				PRODUCT_NAME = "$(TARGET_NAME)";
				SWIFT_EMIT_LOC_STRINGS = NO;
				SWIFT_VERSION = 5.0;
				TARGETED_DEVICE_FAMILY = "1,2";
				TEST_TARGET_NAME = GitAdaption;
			};
			name = Release;
		};
/* End XCBuildConfiguration section */

/* Begin XCConfigurationList section */
		F84FE61C2B8DA86900367450 /* Build configuration list for PBXProject "GitAdaption" */ = {
			isa = XCConfigurationList;
			buildConfigurations = (
				F84FE6492B8DA86A00367450 /* Debug */,
				F84FE64A2B8DA86A00367450 /* Release */,
			);
			defaultConfigurationIsVisible = 0;
			defaultConfigurationName = Release;
		};
		F84FE64B2B8DA86A00367450 /* Build configuration list for PBXNativeTarget "GitAdaption" */ = {
			isa = XCConfigurationList;
			buildConfigurations = (
				F84FE64C2B8DA86A00367450 /* Debug */,
				F84FE64D2B8DA86A00367450 /* Release */,
			);
			defaultConfigurationIsVisible = 0;
			defaultConfigurationName = Release;
		};
		F84FE64E2B8DA86A00367450 /* Build configuration list for PBXNativeTarget "GitAdaptionTests" */ = {
			isa = XCConfigurationList;
			buildConfigurations = (
				F84FE64F2B8DA86A00367450 /* Debug */,
				F84FE6502B8DA86A00367450 /* Release */,
			);
			defaultConfigurationIsVisible = 0;
			defaultConfigurationName = Release;
		};
		F84FE6512B8DA86A00367450 /* Build configuration list for PBXNativeTarget "GitAdaptionUITests" */ = {
			isa = XCConfigurationList;
			buildConfigurations = (
				F84FE6522B8DA86A00367450 /* Debug */,
				F84FE6532B8DA86A00367450 /* Release */,
			);
			defaultConfigurationIsVisible = 0;
			defaultConfigurationName = Release;
		};
/* End XCConfigurationList section */
	};
	rootObject = F84FE6192B8DA86900367450 /* Project object */;
}
